
Microsoft Visual Studio Solution File, Format Version 12.00
# Visual Studio Version 17
VisualStudioVersion = 17.8.34525.116
MinimumVisualStudioVersion = 10.0.40219.1
Project("{FAE04EC0-301F-11D3-BF4B-00C04F79EFBC}") = "ConsoleUI", "ConsoleUI\ConsoleUI.csproj", "{C7D25F4F-90E8-4A45-9B51-D378E9808DE1}"
EndProject
Global
	GlobalSection(SolutionConfigurationPlatforms) = preSolution
		Debug|Any CPU = Debug|Any CPU
		Release|Any CPU = Release|Any CPU
	EndGlobalSection
	GlobalSection(ProjectConfigurationPlatforms) = postSolution
		{C7D25F4F-90E8-4A45-9B51-D378E9808DE1}.Debug|Any CPU.ActiveCfg = Debug|Any CPU
		{C7D25F4F-90E8-4A45-9B51-D378E9808DE1}.Debug|Any CPU.Build.0 = Debug|Any CPU
		{C7D25F4F-90E8-4A45-9B51-D378E9808DE1}.Release|Any CPU.ActiveCfg = Release|Any CPU
		{C7D25F4F-90E8-4A45-9B51-D378E9808DE1}.Release|Any CPU.Build.0 = Release|Any CPU
	EndGlobalSection
	GlobalSection(SolutionProperties) = preSolution
		HideSolutionNode = FALSE
	EndGlobalSection
	GlobalSection(ExtensibilityGlobals) = postSolution
		SolutionGuid = {DF8F32F2-E548-4743-B6D7-3D8AD32AC673}
	EndGlobalSection
EndGlobal
